
Microsoft Visual Studio Solution File, Format Version 12.00
# Visual Studio 15
VisualStudioVersion = 15.0.26124.0
MinimumVisualStudioVersion = 15.0.26124.0
Project("{2150E333-8FDC-42A3-9474-1A3956D46DE8}") = "samples", "samples", "{813AF60F-2A6D-4836-B2D2-F3B3D3F30FF7}"
EndProject
Project("{2150E333-8FDC-42A3-9474-1A3956D46DE8}") = "ServiceModel", "ServiceModel", "{3BF2712C-D5D7-4D23-81EC-A4198B9A4F83}"
EndProject
Project("{FAE04EC0-301F-11D3-BF4B-00C04F79EFBC}") = "ChannelFactorySample", "samples\ServiceModel\ChannelFactorySample\ChannelFactorySample.csproj", "{8557AB0D-6410-4053-BEDB-A46D10D06089}"
EndProject
Project("{FAE04EC0-301F-11D3-BF4B-00C04F79EFBC}") = "ClientBaseSample", "samples\ServiceModel\ClientBaseSample\ClientBaseSample.csproj", "{16F080DA-BBFE-4A97-A914-198F52F4B4C7}"
EndProject
Project("{FAE04EC0-301F-11D3-BF4B-00C04F79EFBC}") = "Contracts", "samples\ServiceModel\Contracts\Contracts.csproj", "{AE2B226B-6477-410F-8179-C8FB806305C2}"
EndProject
Project("{2150E333-8FDC-42A3-9474-1A3956D46DE8}") = "src", "src", "{DAD7E5A8-26BC-4FB5-833F-988ACD53E2B8}"
EndProject
Project("{FAE04EC0-301F-11D3-BF4B-00C04F79EFBC}") = "Clock", "src\Clock\Clock.csproj", "{1E11CCA8-57A9-4F22-85EA-6504A3A5D670}"
EndProject
Project("{FAE04EC0-301F-11D3-BF4B-00C04F79EFBC}") = "Clock.Testing", "src\Clock.Testing\Clock.Testing.csproj", "{1906708A-FD0A-4637-B81C-0A0E8138E185}"
EndProject
Project("{2150E333-8FDC-42A3-9474-1A3956D46DE8}") = "ServiceModel", "ServiceModel", "{0F4F514C-C5AD-440C-A340-6CFF18091D83}"
EndProject
Project("{FAE04EC0-301F-11D3-BF4B-00C04F79EFBC}") = "ServiceModel.Proxies", "src\ServiceModel\ServiceModel.Proxies\ServiceModel.Proxies.csproj", "{CBDF8243-BBCC-4CB8-8491-8A9B51355B6F}"
EndProject
Project("{FAE04EC0-301F-11D3-BF4B-00C04F79EFBC}") = "StringExtensions", "src\StringExtensions\StringExtensions.csproj", "{05714ACF-7A48-4977-BD12-C4C2B84BC07D}"
EndProject
Project("{2150E333-8FDC-42A3-9474-1A3956D46DE8}") = "tests", "tests", "{06195C6E-51C4-4A56-92D7-C0DAFD547323}"
EndProject
Project("{FAE04EC0-301F-11D3-BF4B-00C04F79EFBC}") = "Tests.Clock", "tests\Tests.Clock\Tests.Clock.csproj", "{D9FDC6E6-BA68-4640-8337-07C7DE78679C}"
EndProject
Project("{FAE04EC0-301F-11D3-BF4B-00C04F79EFBC}") = "Tests.ServiceModel.Proxies", "tests\Tests.ServiceModel.Proxies\Tests.ServiceModel.Proxies.csproj", "{86EC6598-C2AD-4E4D-BD4E-AB8EA3F6256A}"
EndProject
Project("{FAE04EC0-301F-11D3-BF4B-00C04F79EFBC}") = "Tests.StringExtensions", "tests\Tests.StringExtensions\Tests.StringExtensions.csproj", "{613720B1-7E6C-4874-B2D9-40E1D8CB4FEA}"
EndProject
Global
	GlobalSection(SolutionConfigurationPlatforms) = preSolution
		Debug|Any CPU = Debug|Any CPU
		Debug|x64 = Debug|x64
		Debug|x86 = Debug|x86
		Release|Any CPU = Release|Any CPU
		Release|x64 = Release|x64
		Release|x86 = Release|x86
	EndGlobalSection
	GlobalSection(SolutionProperties) = preSolution
		HideSolutionNode = FALSE
	EndGlobalSection
	GlobalSection(ProjectConfigurationPlatforms) = postSolution
		{8557AB0D-6410-4053-BEDB-A46D10D06089}.Debug|Any CPU.ActiveCfg = Debug|Any CPU
		{8557AB0D-6410-4053-BEDB-A46D10D06089}.Debug|Any CPU.Build.0 = Debug|Any CPU
		{8557AB0D-6410-4053-BEDB-A46D10D06089}.Debug|x64.ActiveCfg = Debug|Any CPU
		{8557AB0D-6410-4053-BEDB-A46D10D06089}.Debug|x64.Build.0 = Debug|Any CPU
		{8557AB0D-6410-4053-BEDB-A46D10D06089}.Debug|x86.ActiveCfg = Debug|Any CPU
		{8557AB0D-6410-4053-BEDB-A46D10D06089}.Debug|x86.Build.0 = Debug|Any CPU
		{8557AB0D-6410-4053-BEDB-A46D10D06089}.Release|Any CPU.ActiveCfg = Release|Any CPU
		{8557AB0D-6410-4053-BEDB-A46D10D06089}.Release|Any CPU.Build.0 = Release|Any CPU
		{8557AB0D-6410-4053-BEDB-A46D10D06089}.Release|x64.ActiveCfg = Release|Any CPU
		{8557AB0D-6410-4053-BEDB-A46D10D06089}.Release|x64.Build.0 = Release|Any CPU
		{8557AB0D-6410-4053-BEDB-A46D10D06089}.Release|x86.ActiveCfg = Release|Any CPU
		{8557AB0D-6410-4053-BEDB-A46D10D06089}.Release|x86.Build.0 = Release|Any CPU
		{16F080DA-BBFE-4A97-A914-198F52F4B4C7}.Debug|Any CPU.ActiveCfg = Debug|Any CPU
		{16F080DA-BBFE-4A97-A914-198F52F4B4C7}.Debug|Any CPU.Build.0 = Debug|Any CPU
		{16F080DA-BBFE-4A97-A914-198F52F4B4C7}.Debug|x64.ActiveCfg = Debug|Any CPU
		{16F080DA-BBFE-4A97-A914-198F52F4B4C7}.Debug|x64.Build.0 = Debug|Any CPU
		{16F080DA-BBFE-4A97-A914-198F52F4B4C7}.Debug|x86.ActiveCfg = Debug|Any CPU
		{16F080DA-BBFE-4A97-A914-198F52F4B4C7}.Debug|x86.Build.0 = Debug|Any CPU
		{16F080DA-BBFE-4A97-A914-198F52F4B4C7}.Release|Any CPU.ActiveCfg = Release|Any CPU
		{16F080DA-BBFE-4A97-A914-198F52F4B4C7}.Release|Any CPU.Build.0 = Release|Any CPU
		{16F080DA-BBFE-4A97-A914-198F52F4B4C7}.Release|x64.ActiveCfg = Release|Any CPU
		{16F080DA-BBFE-4A97-A914-198F52F4B4C7}.Release|x64.Build.0 = Release|Any CPU
		{16F080DA-BBFE-4A97-A914-198F52F4B4C7}.Release|x86.ActiveCfg = Release|Any CPU
		{16F080DA-BBFE-4A97-A914-198F52F4B4C7}.Release|x86.Build.0 = Release|Any CPU
		{AE2B226B-6477-410F-8179-C8FB806305C2}.Debug|Any CPU.ActiveCfg = Debug|Any CPU
		{AE2B226B-6477-410F-8179-C8FB806305C2}.Debug|Any CPU.Build.0 = Debug|Any CPU
		{AE2B226B-6477-410F-8179-C8FB806305C2}.Debug|x64.ActiveCfg = Debug|Any CPU
		{AE2B226B-6477-410F-8179-C8FB806305C2}.Debug|x64.Build.0 = Debug|Any CPU
		{AE2B226B-6477-410F-8179-C8FB806305C2}.Debug|x86.ActiveCfg = Debug|Any CPU
		{AE2B226B-6477-410F-8179-C8FB806305C2}.Debug|x86.Build.0 = Debug|Any CPU
		{AE2B226B-6477-410F-8179-C8FB806305C2}.Release|Any CPU.ActiveCfg = Release|Any CPU
		{AE2B226B-6477-410F-8179-C8FB806305C2}.Release|Any CPU.Build.0 = Release|Any CPU
		{AE2B226B-6477-410F-8179-C8FB806305C2}.Release|x64.ActiveCfg = Release|Any CPU
		{AE2B226B-6477-410F-8179-C8FB806305C2}.Release|x64.Build.0 = Release|Any CPU
		{AE2B226B-6477-410F-8179-C8FB806305C2}.Release|x86.ActiveCfg = Release|Any CPU
		{AE2B226B-6477-410F-8179-C8FB806305C2}.Release|x86.Build.0 = Release|Any CPU
		{1E11CCA8-57A9-4F22-85EA-6504A3A5D670}.Debug|Any CPU.ActiveCfg = Debug|Any CPU
		{1E11CCA8-57A9-4F22-85EA-6504A3A5D670}.Debug|Any CPU.Build.0 = Debug|Any CPU
		{1E11CCA8-57A9-4F22-85EA-6504A3A5D670}.Debug|x64.ActiveCfg = Debug|Any CPU
		{1E11CCA8-57A9-4F22-85EA-6504A3A5D670}.Debug|x64.Build.0 = Debug|Any CPU
		{1E11CCA8-57A9-4F22-85EA-6504A3A5D670}.Debug|x86.ActiveCfg = Debug|Any CPU
		{1E11CCA8-57A9-4F22-85EA-6504A3A5D670}.Debug|x86.Build.0 = Debug|Any CPU
		{1E11CCA8-57A9-4F22-85EA-6504A3A5D670}.Release|Any CPU.ActiveCfg = Release|Any CPU
		{1E11CCA8-57A9-4F22-85EA-6504A3A5D670}.Release|Any CPU.Build.0 = Release|Any CPU
		{1E11CCA8-57A9-4F22-85EA-6504A3A5D670}.Release|x64.ActiveCfg = Release|Any CPU
		{1E11CCA8-57A9-4F22-85EA-6504A3A5D670}.Release|x64.Build.0 = Release|Any CPU
		{1E11CCA8-57A9-4F22-85EA-6504A3A5D670}.Release|x86.ActiveCfg = Release|Any CPU
		{1E11CCA8-57A9-4F22-85EA-6504A3A5D670}.Release|x86.Build.0 = Release|Any CPU
		{1906708A-FD0A-4637-B81C-0A0E8138E185}.Debug|Any CPU.ActiveCfg = Debug|Any CPU
		{1906708A-FD0A-4637-B81C-0A0E8138E185}.Debug|Any CPU.Build.0 = Debug|Any CPU
		{1906708A-FD0A-4637-B81C-0A0E8138E185}.Debug|x64.ActiveCfg = Debug|Any CPU
		{1906708A-FD0A-4637-B81C-0A0E8138E185}.Debug|x64.Build.0 = Debug|Any CPU
		{1906708A-FD0A-4637-B81C-0A0E8138E185}.Debug|x86.ActiveCfg = Debug|Any CPU
		{1906708A-FD0A-4637-B81C-0A0E8138E185}.Debug|x86.Build.0 = Debug|Any CPU
		{1906708A-FD0A-4637-B81C-0A0E8138E185}.Release|Any CPU.ActiveCfg = Release|Any CPU
		{1906708A-FD0A-4637-B81C-0A0E8138E185}.Release|Any CPU.Build.0 = Release|Any CPU
		{1906708A-FD0A-4637-B81C-0A0E8138E185}.Release|x64.ActiveCfg = Release|Any CPU
		{1906708A-FD0A-4637-B81C-0A0E8138E185}.Release|x64.Build.0 = Release|Any CPU
		{1906708A-FD0A-4637-B81C-0A0E8138E185}.Release|x86.ActiveCfg = Release|Any CPU
		{1906708A-FD0A-4637-B81C-0A0E8138E185}.Release|x86.Build.0 = Release|Any CPU
		{CBDF8243-BBCC-4CB8-8491-8A9B51355B6F}.Debug|Any CPU.ActiveCfg = Debug|Any CPU
		{CBDF8243-BBCC-4CB8-8491-8A9B51355B6F}.Debug|Any CPU.Build.0 = Debug|Any CPU
		{CBDF8243-BBCC-4CB8-8491-8A9B51355B6F}.Debug|x64.ActiveCfg = Debug|Any CPU
		{CBDF8243-BBCC-4CB8-8491-8A9B51355B6F}.Debug|x64.Build.0 = Debug|Any CPU
		{CBDF8243-BBCC-4CB8-8491-8A9B51355B6F}.Debug|x86.ActiveCfg = Debug|Any CPU
		{CBDF8243-BBCC-4CB8-8491-8A9B51355B6F}.Debug|x86.Build.0 = Debug|Any CPU
		{CBDF8243-BBCC-4CB8-8491-8A9B51355B6F}.Release|Any CPU.ActiveCfg = Release|Any CPU
		{CBDF8243-BBCC-4CB8-8491-8A9B51355B6F}.Release|Any CPU.Build.0 = Release|Any CPU
		{CBDF8243-BBCC-4CB8-8491-8A9B51355B6F}.Release|x64.ActiveCfg = Release|Any CPU
		{CBDF8243-BBCC-4CB8-8491-8A9B51355B6F}.Release|x64.Build.0 = Release|Any CPU
		{CBDF8243-BBCC-4CB8-8491-8A9B51355B6F}.Release|x86.ActiveCfg = Release|Any CPU
		{CBDF8243-BBCC-4CB8-8491-8A9B51355B6F}.Release|x86.Build.0 = Release|Any CPU
		{05714ACF-7A48-4977-BD12-C4C2B84BC07D}.Debug|Any CPU.ActiveCfg = Debug|Any CPU
		{05714ACF-7A48-4977-BD12-C4C2B84BC07D}.Debug|Any CPU.Build.0 = Debug|Any CPU
		{05714ACF-7A48-4977-BD12-C4C2B84BC07D}.Debug|x64.ActiveCfg = Debug|Any CPU
		{05714ACF-7A48-4977-BD12-C4C2B84BC07D}.Debug|x64.Build.0 = Debug|Any CPU
		{05714ACF-7A48-4977-BD12-C4C2B84BC07D}.Debug|x86.ActiveCfg = Debug|Any CPU
		{05714ACF-7A48-4977-BD12-C4C2B84BC07D}.Debug|x86.Build.0 = Debug|Any CPU
		{05714ACF-7A48-4977-BD12-C4C2B84BC07D}.Release|Any CPU.ActiveCfg = Release|Any CPU
		{05714ACF-7A48-4977-BD12-C4C2B84BC07D}.Release|Any CPU.Build.0 = Release|Any CPU
		{05714ACF-7A48-4977-BD12-C4C2B84BC07D}.Release|x64.ActiveCfg = Release|Any CPU
		{05714ACF-7A48-4977-BD12-C4C2B84BC07D}.Release|x64.Build.0 = Release|Any CPU
		{05714ACF-7A48-4977-BD12-C4C2B84BC07D}.Release|x86.ActiveCfg = Release|Any CPU
		{05714ACF-7A48-4977-BD12-C4C2B84BC07D}.Release|x86.Build.0 = Release|Any CPU
		{D9FDC6E6-BA68-4640-8337-07C7DE78679C}.Debug|Any CPU.ActiveCfg = Debug|Any CPU
		{D9FDC6E6-BA68-4640-8337-07C7DE78679C}.Debug|Any CPU.Build.0 = Debug|Any CPU
		{D9FDC6E6-BA68-4640-8337-07C7DE78679C}.Debug|x64.ActiveCfg = Debug|Any CPU
		{D9FDC6E6-BA68-4640-8337-07C7DE78679C}.Debug|x64.Build.0 = Debug|Any CPU
		{D9FDC6E6-BA68-4640-8337-07C7DE78679C}.Debug|x86.ActiveCfg = Debug|Any CPU
		{D9FDC6E6-BA68-4640-8337-07C7DE78679C}.Debug|x86.Build.0 = Debug|Any CPU
		{D9FDC6E6-BA68-4640-8337-07C7DE78679C}.Release|Any CPU.ActiveCfg = Release|Any CPU
		{D9FDC6E6-BA68-4640-8337-07C7DE78679C}.Release|Any CPU.Build.0 = Release|Any CPU
		{D9FDC6E6-BA68-4640-8337-07C7DE78679C}.Release|x64.ActiveCfg = Release|Any CPU
		{D9FDC6E6-BA68-4640-8337-07C7DE78679C}.Release|x64.Build.0 = Release|Any CPU
		{D9FDC6E6-BA68-4640-8337-07C7DE78679C}.Release|x86.ActiveCfg = Release|Any CPU
		{D9FDC6E6-BA68-4640-8337-07C7DE78679C}.Release|x86.Build.0 = Release|Any CPU
		{86EC6598-C2AD-4E4D-BD4E-AB8EA3F6256A}.Debug|Any CPU.ActiveCfg = Debug|Any CPU
		{86EC6598-C2AD-4E4D-BD4E-AB8EA3F6256A}.Debug|Any CPU.Build.0 = Debug|Any CPU
		{86EC6598-C2AD-4E4D-BD4E-AB8EA3F6256A}.Debug|x64.ActiveCfg = Debug|Any CPU
		{86EC6598-C2AD-4E4D-BD4E-AB8EA3F6256A}.Debug|x64.Build.0 = Debug|Any CPU
		{86EC6598-C2AD-4E4D-BD4E-AB8EA3F6256A}.Debug|x86.ActiveCfg = Debug|Any CPU
		{86EC6598-C2AD-4E4D-BD4E-AB8EA3F6256A}.Debug|x86.Build.0 = Debug|Any CPU
		{86EC6598-C2AD-4E4D-BD4E-AB8EA3F6256A}.Release|Any CPU.ActiveCfg = Release|Any CPU
		{86EC6598-C2AD-4E4D-BD4E-AB8EA3F6256A}.Release|Any CPU.Build.0 = Release|Any CPU
		{86EC6598-C2AD-4E4D-BD4E-AB8EA3F6256A}.Release|x64.ActiveCfg = Release|Any CPU
		{86EC6598-C2AD-4E4D-BD4E-AB8EA3F6256A}.Release|x64.Build.0 = Release|Any CPU
		{86EC6598-C2AD-4E4D-BD4E-AB8EA3F6256A}.Release|x86.ActiveCfg = Release|Any CPU
		{86EC6598-C2AD-4E4D-BD4E-AB8EA3F6256A}.Release|x86.Build.0 = Release|Any CPU
		{613720B1-7E6C-4874-B2D9-40E1D8CB4FEA}.Debug|Any CPU.ActiveCfg = Debug|Any CPU
		{613720B1-7E6C-4874-B2D9-40E1D8CB4FEA}.Debug|Any CPU.Build.0 = Debug|Any CPU
		{613720B1-7E6C-4874-B2D9-40E1D8CB4FEA}.Debug|x64.ActiveCfg = Debug|Any CPU
		{613720B1-7E6C-4874-B2D9-40E1D8CB4FEA}.Debug|x64.Build.0 = Debug|Any CPU
		{613720B1-7E6C-4874-B2D9-40E1D8CB4FEA}.Debug|x86.ActiveCfg = Debug|Any CPU
		{613720B1-7E6C-4874-B2D9-40E1D8CB4FEA}.Debug|x86.Build.0 = Debug|Any CPU
		{613720B1-7E6C-4874-B2D9-40E1D8CB4FEA}.Release|Any CPU.ActiveCfg = Release|Any CPU
		{613720B1-7E6C-4874-B2D9-40E1D8CB4FEA}.Release|Any CPU.Build.0 = Release|Any CPU
		{613720B1-7E6C-4874-B2D9-40E1D8CB4FEA}.Release|x64.ActiveCfg = Release|Any CPU
		{613720B1-7E6C-4874-B2D9-40E1D8CB4FEA}.Release|x64.Build.0 = Release|Any CPU
		{613720B1-7E6C-4874-B2D9-40E1D8CB4FEA}.Release|x86.ActiveCfg = Release|Any CPU
		{613720B1-7E6C-4874-B2D9-40E1D8CB4FEA}.Release|x86.Build.0 = Release|Any CPU
	EndGlobalSection
	GlobalSection(NestedProjects) = preSolution
		{3BF2712C-D5D7-4D23-81EC-A4198B9A4F83} = {813AF60F-2A6D-4836-B2D2-F3B3D3F30FF7}
		{8557AB0D-6410-4053-BEDB-A46D10D06089} = {3BF2712C-D5D7-4D23-81EC-A4198B9A4F83}
		{16F080DA-BBFE-4A97-A914-198F52F4B4C7} = {3BF2712C-D5D7-4D23-81EC-A4198B9A4F83}
		{AE2B226B-6477-410F-8179-C8FB806305C2} = {3BF2712C-D5D7-4D23-81EC-A4198B9A4F83}
		{1E11CCA8-57A9-4F22-85EA-6504A3A5D670} = {DAD7E5A8-26BC-4FB5-833F-988ACD53E2B8}
		{1906708A-FD0A-4637-B81C-0A0E8138E185} = {DAD7E5A8-26BC-4FB5-833F-988ACD53E2B8}
		{0F4F514C-C5AD-440C-A340-6CFF18091D83} = {DAD7E5A8-26BC-4FB5-833F-988ACD53E2B8}
		{CBDF8243-BBCC-4CB8-8491-8A9B51355B6F} = {0F4F514C-C5AD-440C-A340-6CFF18091D83}
		{05714ACF-7A48-4977-BD12-C4C2B84BC07D} = {DAD7E5A8-26BC-4FB5-833F-988ACD53E2B8}
		{D9FDC6E6-BA68-4640-8337-07C7DE78679C} = {06195C6E-51C4-4A56-92D7-C0DAFD547323}
		{86EC6598-C2AD-4E4D-BD4E-AB8EA3F6256A} = {06195C6E-51C4-4A56-92D7-C0DAFD547323}
		{613720B1-7E6C-4874-B2D9-40E1D8CB4FEA} = {06195C6E-51C4-4A56-92D7-C0DAFD547323}
	EndGlobalSection
EndGlobal
