
Microsoft Visual Studio Solution File, Format Version 12.00
# Visual Studio 15
VisualStudioVersion = 15.0.26124.0
MinimumVisualStudioVersion = 15.0.26124.0
Project("{2150E333-8FDC-42A3-9474-1A3956D46DE8}") = "samples", "samples", "{7A1E2AA8-3476-4121-9BDC-47073A7AD8B3}"
EndProject
Project("{2150E333-8FDC-42A3-9474-1A3956D46DE8}") = "ServiceModel", "ServiceModel", "{FFF5EB4F-1094-42E4-96AF-65C53A2158FD}"
EndProject
Project("{FAE04EC0-301F-11D3-BF4B-00C04F79EFBC}") = "ChannelFactorySample", "samples\ServiceModel\ChannelFactorySample\ChannelFactorySample.csproj", "{CB52EAA1-1709-4BCE-A8FB-8CD26910DEF3}"
EndProject
Project("{FAE04EC0-301F-11D3-BF4B-00C04F79EFBC}") = "ChannelFactorySampleFx", "samples\ServiceModel\ChannelFactorySampleFx\ChannelFactorySampleFx.csproj", "{42F53BB7-22CE-4AD2-9CEE-CE8DAE33D286}"
EndProject
Project("{FAE04EC0-301F-11D3-BF4B-00C04F79EFBC}") = "ClientBaseSample", "samples\ServiceModel\ClientBaseSample\ClientBaseSample.csproj", "{DD1142C5-3C3B-433C-8FAC-35B62B595979}"
EndProject
Project("{FAE04EC0-301F-11D3-BF4B-00C04F79EFBC}") = "ClientBaseSampleFx", "samples\ServiceModel\ClientBaseSampleFx\ClientBaseSampleFx.csproj", "{2185A6DF-5FF5-458D-B667-CCA95169731D}"
EndProject
Project("{FAE04EC0-301F-11D3-BF4B-00C04F79EFBC}") = "Contracts", "samples\ServiceModel\Contracts\Contracts.csproj", "{66577E11-CA75-4EF8-8F04-9ECFF4A60C9C}"
EndProject
Project("{FAE04EC0-301F-11D3-BF4B-00C04F79EFBC}") = "NetTestServer", "samples\ServiceModel\NetTestServer\NetTestServer.csproj", "{D9F81726-0BE4-47C1-B018-142ED270E9B0}"
EndProject
Project("{2150E333-8FDC-42A3-9474-1A3956D46DE8}") = "src", "src", "{9796B535-FBF8-4F67-8718-3147B60E91D1}"
EndProject
Project("{FAE04EC0-301F-11D3-BF4B-00C04F79EFBC}") = "Clock", "src\Clock\Clock.csproj", "{38595B8A-FA17-40DA-AF69-3C322479797A}"
EndProject
Project("{FAE04EC0-301F-11D3-BF4B-00C04F79EFBC}") = "Clock.Testing", "src\Clock.Testing\Clock.Testing.csproj", "{F4B2E7E0-F456-479B-A5C3-02662E2510A9}"
EndProject
Project("{2150E333-8FDC-42A3-9474-1A3956D46DE8}") = "ServiceModel", "ServiceModel", "{B2CD6C21-D756-4991-AD1C-742D6EB9F42B}"
EndProject
Project("{FAE04EC0-301F-11D3-BF4B-00C04F79EFBC}") = "ServiceModel.Proxies", "src\ServiceModel\ServiceModel.Proxies\ServiceModel.Proxies.csproj", "{BB4F49AA-B6FA-472B-8DA5-B487B6966593}"
EndProject
Project("{FAE04EC0-301F-11D3-BF4B-00C04F79EFBC}") = "StringExtensions", "src\StringExtensions\StringExtensions.csproj", "{8D93B2D9-D3B5-4AB7-8FFB-B10A3CD0AD52}"
EndProject
Project("{2150E333-8FDC-42A3-9474-1A3956D46DE8}") = "tests", "tests", "{045836BB-01AD-49FF-B09D-E5497432D438}"
EndProject
Project("{FAE04EC0-301F-11D3-BF4B-00C04F79EFBC}") = "Tests.Clock", "tests\Tests.Clock\Tests.Clock.csproj", "{CCBD3677-FDF2-4C6F-A81A-6DFD5FB89B9D}"
EndProject
Project("{FAE04EC0-301F-11D3-BF4B-00C04F79EFBC}") = "Tests.ServiceModel.Proxies", "tests\Tests.ServiceModel.Proxies\Tests.ServiceModel.Proxies.csproj", "{6678E877-DBF9-4958-8A88-252CF64E579A}"
EndProject
Project("{FAE04EC0-301F-11D3-BF4B-00C04F79EFBC}") = "Tests.StringExtensions", "tests\Tests.StringExtensions\Tests.StringExtensions.csproj", "{FB8125F1-710D-4805-9B83-7EB91F9D36DC}"
EndProject
Global
	GlobalSection(SolutionConfigurationPlatforms) = preSolution
		Debug|Any CPU = Debug|Any CPU
		Debug|x64 = Debug|x64
		Debug|x86 = Debug|x86
		Release|Any CPU = Release|Any CPU
		Release|x64 = Release|x64
		Release|x86 = Release|x86
	EndGlobalSection
	GlobalSection(SolutionProperties) = preSolution
		HideSolutionNode = FALSE
	EndGlobalSection
	GlobalSection(ProjectConfigurationPlatforms) = postSolution
		{CB52EAA1-1709-4BCE-A8FB-8CD26910DEF3}.Debug|Any CPU.ActiveCfg = Debug|Any CPU
		{CB52EAA1-1709-4BCE-A8FB-8CD26910DEF3}.Debug|Any CPU.Build.0 = Debug|Any CPU
		{CB52EAA1-1709-4BCE-A8FB-8CD26910DEF3}.Debug|x64.ActiveCfg = Debug|Any CPU
		{CB52EAA1-1709-4BCE-A8FB-8CD26910DEF3}.Debug|x64.Build.0 = Debug|Any CPU
		{CB52EAA1-1709-4BCE-A8FB-8CD26910DEF3}.Debug|x86.ActiveCfg = Debug|Any CPU
		{CB52EAA1-1709-4BCE-A8FB-8CD26910DEF3}.Debug|x86.Build.0 = Debug|Any CPU
		{CB52EAA1-1709-4BCE-A8FB-8CD26910DEF3}.Release|Any CPU.ActiveCfg = Release|Any CPU
		{CB52EAA1-1709-4BCE-A8FB-8CD26910DEF3}.Release|Any CPU.Build.0 = Release|Any CPU
		{CB52EAA1-1709-4BCE-A8FB-8CD26910DEF3}.Release|x64.ActiveCfg = Release|Any CPU
		{CB52EAA1-1709-4BCE-A8FB-8CD26910DEF3}.Release|x64.Build.0 = Release|Any CPU
		{CB52EAA1-1709-4BCE-A8FB-8CD26910DEF3}.Release|x86.ActiveCfg = Release|Any CPU
		{CB52EAA1-1709-4BCE-A8FB-8CD26910DEF3}.Release|x86.Build.0 = Release|Any CPU
		{42F53BB7-22CE-4AD2-9CEE-CE8DAE33D286}.Debug|Any CPU.ActiveCfg = Debug|Any CPU
		{42F53BB7-22CE-4AD2-9CEE-CE8DAE33D286}.Debug|Any CPU.Build.0 = Debug|Any CPU
		{42F53BB7-22CE-4AD2-9CEE-CE8DAE33D286}.Debug|x64.ActiveCfg = Debug|Any CPU
		{42F53BB7-22CE-4AD2-9CEE-CE8DAE33D286}.Debug|x64.Build.0 = Debug|Any CPU
		{42F53BB7-22CE-4AD2-9CEE-CE8DAE33D286}.Debug|x86.ActiveCfg = Debug|Any CPU
		{42F53BB7-22CE-4AD2-9CEE-CE8DAE33D286}.Debug|x86.Build.0 = Debug|Any CPU
		{42F53BB7-22CE-4AD2-9CEE-CE8DAE33D286}.Release|Any CPU.ActiveCfg = Release|Any CPU
		{42F53BB7-22CE-4AD2-9CEE-CE8DAE33D286}.Release|Any CPU.Build.0 = Release|Any CPU
		{42F53BB7-22CE-4AD2-9CEE-CE8DAE33D286}.Release|x64.ActiveCfg = Release|Any CPU
		{42F53BB7-22CE-4AD2-9CEE-CE8DAE33D286}.Release|x64.Build.0 = Release|Any CPU
		{42F53BB7-22CE-4AD2-9CEE-CE8DAE33D286}.Release|x86.ActiveCfg = Release|Any CPU
		{42F53BB7-22CE-4AD2-9CEE-CE8DAE33D286}.Release|x86.Build.0 = Release|Any CPU
		{DD1142C5-3C3B-433C-8FAC-35B62B595979}.Debug|Any CPU.ActiveCfg = Debug|Any CPU
		{DD1142C5-3C3B-433C-8FAC-35B62B595979}.Debug|Any CPU.Build.0 = Debug|Any CPU
		{DD1142C5-3C3B-433C-8FAC-35B62B595979}.Debug|x64.ActiveCfg = Debug|Any CPU
		{DD1142C5-3C3B-433C-8FAC-35B62B595979}.Debug|x64.Build.0 = Debug|Any CPU
		{DD1142C5-3C3B-433C-8FAC-35B62B595979}.Debug|x86.ActiveCfg = Debug|Any CPU
		{DD1142C5-3C3B-433C-8FAC-35B62B595979}.Debug|x86.Build.0 = Debug|Any CPU
		{DD1142C5-3C3B-433C-8FAC-35B62B595979}.Release|Any CPU.ActiveCfg = Release|Any CPU
		{DD1142C5-3C3B-433C-8FAC-35B62B595979}.Release|Any CPU.Build.0 = Release|Any CPU
		{DD1142C5-3C3B-433C-8FAC-35B62B595979}.Release|x64.ActiveCfg = Release|Any CPU
		{DD1142C5-3C3B-433C-8FAC-35B62B595979}.Release|x64.Build.0 = Release|Any CPU
		{DD1142C5-3C3B-433C-8FAC-35B62B595979}.Release|x86.ActiveCfg = Release|Any CPU
		{DD1142C5-3C3B-433C-8FAC-35B62B595979}.Release|x86.Build.0 = Release|Any CPU
		{2185A6DF-5FF5-458D-B667-CCA95169731D}.Debug|Any CPU.ActiveCfg = Debug|Any CPU
		{2185A6DF-5FF5-458D-B667-CCA95169731D}.Debug|Any CPU.Build.0 = Debug|Any CPU
		{2185A6DF-5FF5-458D-B667-CCA95169731D}.Debug|x64.ActiveCfg = Debug|Any CPU
		{2185A6DF-5FF5-458D-B667-CCA95169731D}.Debug|x64.Build.0 = Debug|Any CPU
		{2185A6DF-5FF5-458D-B667-CCA95169731D}.Debug|x86.ActiveCfg = Debug|Any CPU
		{2185A6DF-5FF5-458D-B667-CCA95169731D}.Debug|x86.Build.0 = Debug|Any CPU
		{2185A6DF-5FF5-458D-B667-CCA95169731D}.Release|Any CPU.ActiveCfg = Release|Any CPU
		{2185A6DF-5FF5-458D-B667-CCA95169731D}.Release|Any CPU.Build.0 = Release|Any CPU
		{2185A6DF-5FF5-458D-B667-CCA95169731D}.Release|x64.ActiveCfg = Release|Any CPU
		{2185A6DF-5FF5-458D-B667-CCA95169731D}.Release|x64.Build.0 = Release|Any CPU
		{2185A6DF-5FF5-458D-B667-CCA95169731D}.Release|x86.ActiveCfg = Release|Any CPU
		{2185A6DF-5FF5-458D-B667-CCA95169731D}.Release|x86.Build.0 = Release|Any CPU
		{66577E11-CA75-4EF8-8F04-9ECFF4A60C9C}.Debug|Any CPU.ActiveCfg = Debug|Any CPU
		{66577E11-CA75-4EF8-8F04-9ECFF4A60C9C}.Debug|Any CPU.Build.0 = Debug|Any CPU
		{66577E11-CA75-4EF8-8F04-9ECFF4A60C9C}.Debug|x64.ActiveCfg = Debug|Any CPU
		{66577E11-CA75-4EF8-8F04-9ECFF4A60C9C}.Debug|x64.Build.0 = Debug|Any CPU
		{66577E11-CA75-4EF8-8F04-9ECFF4A60C9C}.Debug|x86.ActiveCfg = Debug|Any CPU
		{66577E11-CA75-4EF8-8F04-9ECFF4A60C9C}.Debug|x86.Build.0 = Debug|Any CPU
		{66577E11-CA75-4EF8-8F04-9ECFF4A60C9C}.Release|Any CPU.ActiveCfg = Release|Any CPU
		{66577E11-CA75-4EF8-8F04-9ECFF4A60C9C}.Release|Any CPU.Build.0 = Release|Any CPU
		{66577E11-CA75-4EF8-8F04-9ECFF4A60C9C}.Release|x64.ActiveCfg = Release|Any CPU
		{66577E11-CA75-4EF8-8F04-9ECFF4A60C9C}.Release|x64.Build.0 = Release|Any CPU
		{66577E11-CA75-4EF8-8F04-9ECFF4A60C9C}.Release|x86.ActiveCfg = Release|Any CPU
		{66577E11-CA75-4EF8-8F04-9ECFF4A60C9C}.Release|x86.Build.0 = Release|Any CPU
		{D9F81726-0BE4-47C1-B018-142ED270E9B0}.Debug|Any CPU.ActiveCfg = Debug|Any CPU
		{D9F81726-0BE4-47C1-B018-142ED270E9B0}.Debug|Any CPU.Build.0 = Debug|Any CPU
		{D9F81726-0BE4-47C1-B018-142ED270E9B0}.Debug|x64.ActiveCfg = Debug|Any CPU
		{D9F81726-0BE4-47C1-B018-142ED270E9B0}.Debug|x64.Build.0 = Debug|Any CPU
		{D9F81726-0BE4-47C1-B018-142ED270E9B0}.Debug|x86.ActiveCfg = Debug|Any CPU
		{D9F81726-0BE4-47C1-B018-142ED270E9B0}.Debug|x86.Build.0 = Debug|Any CPU
		{D9F81726-0BE4-47C1-B018-142ED270E9B0}.Release|Any CPU.ActiveCfg = Release|Any CPU
		{D9F81726-0BE4-47C1-B018-142ED270E9B0}.Release|Any CPU.Build.0 = Release|Any CPU
		{D9F81726-0BE4-47C1-B018-142ED270E9B0}.Release|x64.ActiveCfg = Release|Any CPU
		{D9F81726-0BE4-47C1-B018-142ED270E9B0}.Release|x64.Build.0 = Release|Any CPU
		{D9F81726-0BE4-47C1-B018-142ED270E9B0}.Release|x86.ActiveCfg = Release|Any CPU
		{D9F81726-0BE4-47C1-B018-142ED270E9B0}.Release|x86.Build.0 = Release|Any CPU
		{38595B8A-FA17-40DA-AF69-3C322479797A}.Debug|Any CPU.ActiveCfg = Debug|Any CPU
		{38595B8A-FA17-40DA-AF69-3C322479797A}.Debug|Any CPU.Build.0 = Debug|Any CPU
		{38595B8A-FA17-40DA-AF69-3C322479797A}.Debug|x64.ActiveCfg = Debug|Any CPU
		{38595B8A-FA17-40DA-AF69-3C322479797A}.Debug|x64.Build.0 = Debug|Any CPU
		{38595B8A-FA17-40DA-AF69-3C322479797A}.Debug|x86.ActiveCfg = Debug|Any CPU
		{38595B8A-FA17-40DA-AF69-3C322479797A}.Debug|x86.Build.0 = Debug|Any CPU
		{38595B8A-FA17-40DA-AF69-3C322479797A}.Release|Any CPU.ActiveCfg = Release|Any CPU
		{38595B8A-FA17-40DA-AF69-3C322479797A}.Release|Any CPU.Build.0 = Release|Any CPU
		{38595B8A-FA17-40DA-AF69-3C322479797A}.Release|x64.ActiveCfg = Release|Any CPU
		{38595B8A-FA17-40DA-AF69-3C322479797A}.Release|x64.Build.0 = Release|Any CPU
		{38595B8A-FA17-40DA-AF69-3C322479797A}.Release|x86.ActiveCfg = Release|Any CPU
		{38595B8A-FA17-40DA-AF69-3C322479797A}.Release|x86.Build.0 = Release|Any CPU
		{F4B2E7E0-F456-479B-A5C3-02662E2510A9}.Debug|Any CPU.ActiveCfg = Debug|Any CPU
		{F4B2E7E0-F456-479B-A5C3-02662E2510A9}.Debug|Any CPU.Build.0 = Debug|Any CPU
		{F4B2E7E0-F456-479B-A5C3-02662E2510A9}.Debug|x64.ActiveCfg = Debug|Any CPU
		{F4B2E7E0-F456-479B-A5C3-02662E2510A9}.Debug|x64.Build.0 = Debug|Any CPU
		{F4B2E7E0-F456-479B-A5C3-02662E2510A9}.Debug|x86.ActiveCfg = Debug|Any CPU
		{F4B2E7E0-F456-479B-A5C3-02662E2510A9}.Debug|x86.Build.0 = Debug|Any CPU
		{F4B2E7E0-F456-479B-A5C3-02662E2510A9}.Release|Any CPU.ActiveCfg = Release|Any CPU
		{F4B2E7E0-F456-479B-A5C3-02662E2510A9}.Release|Any CPU.Build.0 = Release|Any CPU
		{F4B2E7E0-F456-479B-A5C3-02662E2510A9}.Release|x64.ActiveCfg = Release|Any CPU
		{F4B2E7E0-F456-479B-A5C3-02662E2510A9}.Release|x64.Build.0 = Release|Any CPU
		{F4B2E7E0-F456-479B-A5C3-02662E2510A9}.Release|x86.ActiveCfg = Release|Any CPU
		{F4B2E7E0-F456-479B-A5C3-02662E2510A9}.Release|x86.Build.0 = Release|Any CPU
		{BB4F49AA-B6FA-472B-8DA5-B487B6966593}.Debug|Any CPU.ActiveCfg = Debug|Any CPU
		{BB4F49AA-B6FA-472B-8DA5-B487B6966593}.Debug|Any CPU.Build.0 = Debug|Any CPU
		{BB4F49AA-B6FA-472B-8DA5-B487B6966593}.Debug|x64.ActiveCfg = Debug|Any CPU
		{BB4F49AA-B6FA-472B-8DA5-B487B6966593}.Debug|x64.Build.0 = Debug|Any CPU
		{BB4F49AA-B6FA-472B-8DA5-B487B6966593}.Debug|x86.ActiveCfg = Debug|Any CPU
		{BB4F49AA-B6FA-472B-8DA5-B487B6966593}.Debug|x86.Build.0 = Debug|Any CPU
		{BB4F49AA-B6FA-472B-8DA5-B487B6966593}.Release|Any CPU.ActiveCfg = Release|Any CPU
		{BB4F49AA-B6FA-472B-8DA5-B487B6966593}.Release|Any CPU.Build.0 = Release|Any CPU
		{BB4F49AA-B6FA-472B-8DA5-B487B6966593}.Release|x64.ActiveCfg = Release|Any CPU
		{BB4F49AA-B6FA-472B-8DA5-B487B6966593}.Release|x64.Build.0 = Release|Any CPU
		{BB4F49AA-B6FA-472B-8DA5-B487B6966593}.Release|x86.ActiveCfg = Release|Any CPU
		{BB4F49AA-B6FA-472B-8DA5-B487B6966593}.Release|x86.Build.0 = Release|Any CPU
		{8D93B2D9-D3B5-4AB7-8FFB-B10A3CD0AD52}.Debug|Any CPU.ActiveCfg = Debug|Any CPU
		{8D93B2D9-D3B5-4AB7-8FFB-B10A3CD0AD52}.Debug|Any CPU.Build.0 = Debug|Any CPU
		{8D93B2D9-D3B5-4AB7-8FFB-B10A3CD0AD52}.Debug|x64.ActiveCfg = Debug|Any CPU
		{8D93B2D9-D3B5-4AB7-8FFB-B10A3CD0AD52}.Debug|x64.Build.0 = Debug|Any CPU
		{8D93B2D9-D3B5-4AB7-8FFB-B10A3CD0AD52}.Debug|x86.ActiveCfg = Debug|Any CPU
		{8D93B2D9-D3B5-4AB7-8FFB-B10A3CD0AD52}.Debug|x86.Build.0 = Debug|Any CPU
		{8D93B2D9-D3B5-4AB7-8FFB-B10A3CD0AD52}.Release|Any CPU.ActiveCfg = Release|Any CPU
		{8D93B2D9-D3B5-4AB7-8FFB-B10A3CD0AD52}.Release|Any CPU.Build.0 = Release|Any CPU
		{8D93B2D9-D3B5-4AB7-8FFB-B10A3CD0AD52}.Release|x64.ActiveCfg = Release|Any CPU
		{8D93B2D9-D3B5-4AB7-8FFB-B10A3CD0AD52}.Release|x64.Build.0 = Release|Any CPU
		{8D93B2D9-D3B5-4AB7-8FFB-B10A3CD0AD52}.Release|x86.ActiveCfg = Release|Any CPU
		{8D93B2D9-D3B5-4AB7-8FFB-B10A3CD0AD52}.Release|x86.Build.0 = Release|Any CPU
		{CCBD3677-FDF2-4C6F-A81A-6DFD5FB89B9D}.Debug|Any CPU.ActiveCfg = Debug|Any CPU
		{CCBD3677-FDF2-4C6F-A81A-6DFD5FB89B9D}.Debug|Any CPU.Build.0 = Debug|Any CPU
		{CCBD3677-FDF2-4C6F-A81A-6DFD5FB89B9D}.Debug|x64.ActiveCfg = Debug|Any CPU
		{CCBD3677-FDF2-4C6F-A81A-6DFD5FB89B9D}.Debug|x64.Build.0 = Debug|Any CPU
		{CCBD3677-FDF2-4C6F-A81A-6DFD5FB89B9D}.Debug|x86.ActiveCfg = Debug|Any CPU
		{CCBD3677-FDF2-4C6F-A81A-6DFD5FB89B9D}.Debug|x86.Build.0 = Debug|Any CPU
		{CCBD3677-FDF2-4C6F-A81A-6DFD5FB89B9D}.Release|Any CPU.ActiveCfg = Release|Any CPU
		{CCBD3677-FDF2-4C6F-A81A-6DFD5FB89B9D}.Release|Any CPU.Build.0 = Release|Any CPU
		{CCBD3677-FDF2-4C6F-A81A-6DFD5FB89B9D}.Release|x64.ActiveCfg = Release|Any CPU
		{CCBD3677-FDF2-4C6F-A81A-6DFD5FB89B9D}.Release|x64.Build.0 = Release|Any CPU
		{CCBD3677-FDF2-4C6F-A81A-6DFD5FB89B9D}.Release|x86.ActiveCfg = Release|Any CPU
		{CCBD3677-FDF2-4C6F-A81A-6DFD5FB89B9D}.Release|x86.Build.0 = Release|Any CPU
		{6678E877-DBF9-4958-8A88-252CF64E579A}.Debug|Any CPU.ActiveCfg = Debug|Any CPU
		{6678E877-DBF9-4958-8A88-252CF64E579A}.Debug|Any CPU.Build.0 = Debug|Any CPU
		{6678E877-DBF9-4958-8A88-252CF64E579A}.Debug|x64.ActiveCfg = Debug|Any CPU
		{6678E877-DBF9-4958-8A88-252CF64E579A}.Debug|x64.Build.0 = Debug|Any CPU
		{6678E877-DBF9-4958-8A88-252CF64E579A}.Debug|x86.ActiveCfg = Debug|Any CPU
		{6678E877-DBF9-4958-8A88-252CF64E579A}.Debug|x86.Build.0 = Debug|Any CPU
		{6678E877-DBF9-4958-8A88-252CF64E579A}.Release|Any CPU.ActiveCfg = Release|Any CPU
		{6678E877-DBF9-4958-8A88-252CF64E579A}.Release|Any CPU.Build.0 = Release|Any CPU
		{6678E877-DBF9-4958-8A88-252CF64E579A}.Release|x64.ActiveCfg = Release|Any CPU
		{6678E877-DBF9-4958-8A88-252CF64E579A}.Release|x64.Build.0 = Release|Any CPU
		{6678E877-DBF9-4958-8A88-252CF64E579A}.Release|x86.ActiveCfg = Release|Any CPU
		{6678E877-DBF9-4958-8A88-252CF64E579A}.Release|x86.Build.0 = Release|Any CPU
		{FB8125F1-710D-4805-9B83-7EB91F9D36DC}.Debug|Any CPU.ActiveCfg = Debug|Any CPU
		{FB8125F1-710D-4805-9B83-7EB91F9D36DC}.Debug|Any CPU.Build.0 = Debug|Any CPU
		{FB8125F1-710D-4805-9B83-7EB91F9D36DC}.Debug|x64.ActiveCfg = Debug|Any CPU
		{FB8125F1-710D-4805-9B83-7EB91F9D36DC}.Debug|x64.Build.0 = Debug|Any CPU
		{FB8125F1-710D-4805-9B83-7EB91F9D36DC}.Debug|x86.ActiveCfg = Debug|Any CPU
		{FB8125F1-710D-4805-9B83-7EB91F9D36DC}.Debug|x86.Build.0 = Debug|Any CPU
		{FB8125F1-710D-4805-9B83-7EB91F9D36DC}.Release|Any CPU.ActiveCfg = Release|Any CPU
		{FB8125F1-710D-4805-9B83-7EB91F9D36DC}.Release|Any CPU.Build.0 = Release|Any CPU
		{FB8125F1-710D-4805-9B83-7EB91F9D36DC}.Release|x64.ActiveCfg = Release|Any CPU
		{FB8125F1-710D-4805-9B83-7EB91F9D36DC}.Release|x64.Build.0 = Release|Any CPU
		{FB8125F1-710D-4805-9B83-7EB91F9D36DC}.Release|x86.ActiveCfg = Release|Any CPU
		{FB8125F1-710D-4805-9B83-7EB91F9D36DC}.Release|x86.Build.0 = Release|Any CPU
	EndGlobalSection
	GlobalSection(NestedProjects) = preSolution
		{FFF5EB4F-1094-42E4-96AF-65C53A2158FD} = {7A1E2AA8-3476-4121-9BDC-47073A7AD8B3}
		{CB52EAA1-1709-4BCE-A8FB-8CD26910DEF3} = {FFF5EB4F-1094-42E4-96AF-65C53A2158FD}
		{42F53BB7-22CE-4AD2-9CEE-CE8DAE33D286} = {FFF5EB4F-1094-42E4-96AF-65C53A2158FD}
		{DD1142C5-3C3B-433C-8FAC-35B62B595979} = {FFF5EB4F-1094-42E4-96AF-65C53A2158FD}
		{2185A6DF-5FF5-458D-B667-CCA95169731D} = {FFF5EB4F-1094-42E4-96AF-65C53A2158FD}
		{66577E11-CA75-4EF8-8F04-9ECFF4A60C9C} = {FFF5EB4F-1094-42E4-96AF-65C53A2158FD}
		{D9F81726-0BE4-47C1-B018-142ED270E9B0} = {FFF5EB4F-1094-42E4-96AF-65C53A2158FD}
		{38595B8A-FA17-40DA-AF69-3C322479797A} = {9796B535-FBF8-4F67-8718-3147B60E91D1}
		{F4B2E7E0-F456-479B-A5C3-02662E2510A9} = {9796B535-FBF8-4F67-8718-3147B60E91D1}
		{B2CD6C21-D756-4991-AD1C-742D6EB9F42B} = {9796B535-FBF8-4F67-8718-3147B60E91D1}
		{BB4F49AA-B6FA-472B-8DA5-B487B6966593} = {B2CD6C21-D756-4991-AD1C-742D6EB9F42B}
		{8D93B2D9-D3B5-4AB7-8FFB-B10A3CD0AD52} = {9796B535-FBF8-4F67-8718-3147B60E91D1}
		{CCBD3677-FDF2-4C6F-A81A-6DFD5FB89B9D} = {045836BB-01AD-49FF-B09D-E5497432D438}
		{6678E877-DBF9-4958-8A88-252CF64E579A} = {045836BB-01AD-49FF-B09D-E5497432D438}
		{FB8125F1-710D-4805-9B83-7EB91F9D36DC} = {045836BB-01AD-49FF-B09D-E5497432D438}
	EndGlobalSection
EndGlobal
