
Microsoft Visual Studio Solution File, Format Version 12.00
# Visual Studio 15
VisualStudioVersion = 15.0.26124.0
MinimumVisualStudioVersion = 15.0.26124.0
Project("{2150E333-8FDC-42A3-9474-1A3956D46DE8}") = "samples", "samples", "{63DBFC23-F485-4A81-A58F-49E0468EFB6B}"
EndProject
Project("{2150E333-8FDC-42A3-9474-1A3956D46DE8}") = "ServiceModel", "ServiceModel", "{4276D927-993B-43CA-B51E-67A44246B1B7}"
EndProject
Project("{FAE04EC0-301F-11D3-BF4B-00C04F79EFBC}") = "ClientBaseSample", "samples\ServiceModel\ClientBaseSample\ClientBaseSample.csproj", "{D1ED8666-BEFD-464A-82FF-980B2A0C4531}"
EndProject
Project("{2150E333-8FDC-42A3-9474-1A3956D46DE8}") = "src", "src", "{B81381A7-C836-40AD-97D5-D374D443B584}"
EndProject
Project("{FAE04EC0-301F-11D3-BF4B-00C04F79EFBC}") = "Clock", "src\Clock\Clock.csproj", "{72DEF9BC-9E6D-4EC6-B174-948EE750E8DD}"
EndProject
Project("{FAE04EC0-301F-11D3-BF4B-00C04F79EFBC}") = "Clock.Testing", "src\Clock.Testing\Clock.Testing.csproj", "{6705CA52-24A6-4812-896A-8DCCD0644F79}"
EndProject
Project("{2150E333-8FDC-42A3-9474-1A3956D46DE8}") = "ServiceModel", "ServiceModel", "{6B21DEED-7EF6-4437-B1FC-1A11888EE0ED}"
EndProject
Project("{FAE04EC0-301F-11D3-BF4B-00C04F79EFBC}") = "ServiceModel.Proxies", "src\ServiceModel\ServiceModel.Proxies\ServiceModel.Proxies.csproj", "{9E66394D-CE95-4514-A1F9-7ED10D59B2A1}"
EndProject
Project("{FAE04EC0-301F-11D3-BF4B-00C04F79EFBC}") = "StringExtensions", "src\StringExtensions\StringExtensions.csproj", "{C3615BD9-E6E0-4C4D-AB2C-1FD71E52E4FC}"
EndProject
Project("{2150E333-8FDC-42A3-9474-1A3956D46DE8}") = "tests", "tests", "{A5A62540-8ACC-4C08-B8CE-D5410B4ADFD1}"
EndProject
Project("{FAE04EC0-301F-11D3-BF4B-00C04F79EFBC}") = "Tests.Clock", "tests\Tests.Clock\Tests.Clock.csproj", "{C9D47A30-8D89-42EF-9AF3-BF3764A8D6E2}"
EndProject
Project("{FAE04EC0-301F-11D3-BF4B-00C04F79EFBC}") = "Tests.ServiceModel.Proxies", "tests\Tests.ServiceModel.Proxies\Tests.ServiceModel.Proxies.csproj", "{FA8780C7-4198-424A-8F05-69BA466D01D1}"
EndProject
Project("{FAE04EC0-301F-11D3-BF4B-00C04F79EFBC}") = "Tests.StringExtensions", "tests\Tests.StringExtensions\Tests.StringExtensions.csproj", "{BD5291FA-4EF6-4B2B-8681-266106424CA4}"
EndProject
Global
	GlobalSection(SolutionConfigurationPlatforms) = preSolution
		Debug|Any CPU = Debug|Any CPU
		Debug|x64 = Debug|x64
		Debug|x86 = Debug|x86
		Release|Any CPU = Release|Any CPU
		Release|x64 = Release|x64
		Release|x86 = Release|x86
	EndGlobalSection
	GlobalSection(SolutionProperties) = preSolution
		HideSolutionNode = FALSE
	EndGlobalSection
	GlobalSection(ProjectConfigurationPlatforms) = postSolution
		{D1ED8666-BEFD-464A-82FF-980B2A0C4531}.Debug|Any CPU.ActiveCfg = Debug|Any CPU
		{D1ED8666-BEFD-464A-82FF-980B2A0C4531}.Debug|Any CPU.Build.0 = Debug|Any CPU
		{D1ED8666-BEFD-464A-82FF-980B2A0C4531}.Debug|x64.ActiveCfg = Debug|Any CPU
		{D1ED8666-BEFD-464A-82FF-980B2A0C4531}.Debug|x64.Build.0 = Debug|Any CPU
		{D1ED8666-BEFD-464A-82FF-980B2A0C4531}.Debug|x86.ActiveCfg = Debug|Any CPU
		{D1ED8666-BEFD-464A-82FF-980B2A0C4531}.Debug|x86.Build.0 = Debug|Any CPU
		{D1ED8666-BEFD-464A-82FF-980B2A0C4531}.Release|Any CPU.ActiveCfg = Release|Any CPU
		{D1ED8666-BEFD-464A-82FF-980B2A0C4531}.Release|Any CPU.Build.0 = Release|Any CPU
		{D1ED8666-BEFD-464A-82FF-980B2A0C4531}.Release|x64.ActiveCfg = Release|Any CPU
		{D1ED8666-BEFD-464A-82FF-980B2A0C4531}.Release|x64.Build.0 = Release|Any CPU
		{D1ED8666-BEFD-464A-82FF-980B2A0C4531}.Release|x86.ActiveCfg = Release|Any CPU
		{D1ED8666-BEFD-464A-82FF-980B2A0C4531}.Release|x86.Build.0 = Release|Any CPU
		{72DEF9BC-9E6D-4EC6-B174-948EE750E8DD}.Debug|Any CPU.ActiveCfg = Debug|Any CPU
		{72DEF9BC-9E6D-4EC6-B174-948EE750E8DD}.Debug|Any CPU.Build.0 = Debug|Any CPU
		{72DEF9BC-9E6D-4EC6-B174-948EE750E8DD}.Debug|x64.ActiveCfg = Debug|Any CPU
		{72DEF9BC-9E6D-4EC6-B174-948EE750E8DD}.Debug|x64.Build.0 = Debug|Any CPU
		{72DEF9BC-9E6D-4EC6-B174-948EE750E8DD}.Debug|x86.ActiveCfg = Debug|Any CPU
		{72DEF9BC-9E6D-4EC6-B174-948EE750E8DD}.Debug|x86.Build.0 = Debug|Any CPU
		{72DEF9BC-9E6D-4EC6-B174-948EE750E8DD}.Release|Any CPU.ActiveCfg = Release|Any CPU
		{72DEF9BC-9E6D-4EC6-B174-948EE750E8DD}.Release|Any CPU.Build.0 = Release|Any CPU
		{72DEF9BC-9E6D-4EC6-B174-948EE750E8DD}.Release|x64.ActiveCfg = Release|Any CPU
		{72DEF9BC-9E6D-4EC6-B174-948EE750E8DD}.Release|x64.Build.0 = Release|Any CPU
		{72DEF9BC-9E6D-4EC6-B174-948EE750E8DD}.Release|x86.ActiveCfg = Release|Any CPU
		{72DEF9BC-9E6D-4EC6-B174-948EE750E8DD}.Release|x86.Build.0 = Release|Any CPU
		{6705CA52-24A6-4812-896A-8DCCD0644F79}.Debug|Any CPU.ActiveCfg = Debug|Any CPU
		{6705CA52-24A6-4812-896A-8DCCD0644F79}.Debug|Any CPU.Build.0 = Debug|Any CPU
		{6705CA52-24A6-4812-896A-8DCCD0644F79}.Debug|x64.ActiveCfg = Debug|Any CPU
		{6705CA52-24A6-4812-896A-8DCCD0644F79}.Debug|x64.Build.0 = Debug|Any CPU
		{6705CA52-24A6-4812-896A-8DCCD0644F79}.Debug|x86.ActiveCfg = Debug|Any CPU
		{6705CA52-24A6-4812-896A-8DCCD0644F79}.Debug|x86.Build.0 = Debug|Any CPU
		{6705CA52-24A6-4812-896A-8DCCD0644F79}.Release|Any CPU.ActiveCfg = Release|Any CPU
		{6705CA52-24A6-4812-896A-8DCCD0644F79}.Release|Any CPU.Build.0 = Release|Any CPU
		{6705CA52-24A6-4812-896A-8DCCD0644F79}.Release|x64.ActiveCfg = Release|Any CPU
		{6705CA52-24A6-4812-896A-8DCCD0644F79}.Release|x64.Build.0 = Release|Any CPU
		{6705CA52-24A6-4812-896A-8DCCD0644F79}.Release|x86.ActiveCfg = Release|Any CPU
		{6705CA52-24A6-4812-896A-8DCCD0644F79}.Release|x86.Build.0 = Release|Any CPU
		{9E66394D-CE95-4514-A1F9-7ED10D59B2A1}.Debug|Any CPU.ActiveCfg = Debug|Any CPU
		{9E66394D-CE95-4514-A1F9-7ED10D59B2A1}.Debug|Any CPU.Build.0 = Debug|Any CPU
		{9E66394D-CE95-4514-A1F9-7ED10D59B2A1}.Debug|x64.ActiveCfg = Debug|Any CPU
		{9E66394D-CE95-4514-A1F9-7ED10D59B2A1}.Debug|x64.Build.0 = Debug|Any CPU
		{9E66394D-CE95-4514-A1F9-7ED10D59B2A1}.Debug|x86.ActiveCfg = Debug|Any CPU
		{9E66394D-CE95-4514-A1F9-7ED10D59B2A1}.Debug|x86.Build.0 = Debug|Any CPU
		{9E66394D-CE95-4514-A1F9-7ED10D59B2A1}.Release|Any CPU.ActiveCfg = Release|Any CPU
		{9E66394D-CE95-4514-A1F9-7ED10D59B2A1}.Release|Any CPU.Build.0 = Release|Any CPU
		{9E66394D-CE95-4514-A1F9-7ED10D59B2A1}.Release|x64.ActiveCfg = Release|Any CPU
		{9E66394D-CE95-4514-A1F9-7ED10D59B2A1}.Release|x64.Build.0 = Release|Any CPU
		{9E66394D-CE95-4514-A1F9-7ED10D59B2A1}.Release|x86.ActiveCfg = Release|Any CPU
		{9E66394D-CE95-4514-A1F9-7ED10D59B2A1}.Release|x86.Build.0 = Release|Any CPU
		{C3615BD9-E6E0-4C4D-AB2C-1FD71E52E4FC}.Debug|Any CPU.ActiveCfg = Debug|Any CPU
		{C3615BD9-E6E0-4C4D-AB2C-1FD71E52E4FC}.Debug|Any CPU.Build.0 = Debug|Any CPU
		{C3615BD9-E6E0-4C4D-AB2C-1FD71E52E4FC}.Debug|x64.ActiveCfg = Debug|Any CPU
		{C3615BD9-E6E0-4C4D-AB2C-1FD71E52E4FC}.Debug|x64.Build.0 = Debug|Any CPU
		{C3615BD9-E6E0-4C4D-AB2C-1FD71E52E4FC}.Debug|x86.ActiveCfg = Debug|Any CPU
		{C3615BD9-E6E0-4C4D-AB2C-1FD71E52E4FC}.Debug|x86.Build.0 = Debug|Any CPU
		{C3615BD9-E6E0-4C4D-AB2C-1FD71E52E4FC}.Release|Any CPU.ActiveCfg = Release|Any CPU
		{C3615BD9-E6E0-4C4D-AB2C-1FD71E52E4FC}.Release|Any CPU.Build.0 = Release|Any CPU
		{C3615BD9-E6E0-4C4D-AB2C-1FD71E52E4FC}.Release|x64.ActiveCfg = Release|Any CPU
		{C3615BD9-E6E0-4C4D-AB2C-1FD71E52E4FC}.Release|x64.Build.0 = Release|Any CPU
		{C3615BD9-E6E0-4C4D-AB2C-1FD71E52E4FC}.Release|x86.ActiveCfg = Release|Any CPU
		{C3615BD9-E6E0-4C4D-AB2C-1FD71E52E4FC}.Release|x86.Build.0 = Release|Any CPU
		{C9D47A30-8D89-42EF-9AF3-BF3764A8D6E2}.Debug|Any CPU.ActiveCfg = Debug|Any CPU
		{C9D47A30-8D89-42EF-9AF3-BF3764A8D6E2}.Debug|Any CPU.Build.0 = Debug|Any CPU
		{C9D47A30-8D89-42EF-9AF3-BF3764A8D6E2}.Debug|x64.ActiveCfg = Debug|Any CPU
		{C9D47A30-8D89-42EF-9AF3-BF3764A8D6E2}.Debug|x64.Build.0 = Debug|Any CPU
		{C9D47A30-8D89-42EF-9AF3-BF3764A8D6E2}.Debug|x86.ActiveCfg = Debug|Any CPU
		{C9D47A30-8D89-42EF-9AF3-BF3764A8D6E2}.Debug|x86.Build.0 = Debug|Any CPU
		{C9D47A30-8D89-42EF-9AF3-BF3764A8D6E2}.Release|Any CPU.ActiveCfg = Release|Any CPU
		{C9D47A30-8D89-42EF-9AF3-BF3764A8D6E2}.Release|Any CPU.Build.0 = Release|Any CPU
		{C9D47A30-8D89-42EF-9AF3-BF3764A8D6E2}.Release|x64.ActiveCfg = Release|Any CPU
		{C9D47A30-8D89-42EF-9AF3-BF3764A8D6E2}.Release|x64.Build.0 = Release|Any CPU
		{C9D47A30-8D89-42EF-9AF3-BF3764A8D6E2}.Release|x86.ActiveCfg = Release|Any CPU
		{C9D47A30-8D89-42EF-9AF3-BF3764A8D6E2}.Release|x86.Build.0 = Release|Any CPU
		{FA8780C7-4198-424A-8F05-69BA466D01D1}.Debug|Any CPU.ActiveCfg = Debug|Any CPU
		{FA8780C7-4198-424A-8F05-69BA466D01D1}.Debug|Any CPU.Build.0 = Debug|Any CPU
		{FA8780C7-4198-424A-8F05-69BA466D01D1}.Debug|x64.ActiveCfg = Debug|Any CPU
		{FA8780C7-4198-424A-8F05-69BA466D01D1}.Debug|x64.Build.0 = Debug|Any CPU
		{FA8780C7-4198-424A-8F05-69BA466D01D1}.Debug|x86.ActiveCfg = Debug|Any CPU
		{FA8780C7-4198-424A-8F05-69BA466D01D1}.Debug|x86.Build.0 = Debug|Any CPU
		{FA8780C7-4198-424A-8F05-69BA466D01D1}.Release|Any CPU.ActiveCfg = Release|Any CPU
		{FA8780C7-4198-424A-8F05-69BA466D01D1}.Release|Any CPU.Build.0 = Release|Any CPU
		{FA8780C7-4198-424A-8F05-69BA466D01D1}.Release|x64.ActiveCfg = Release|Any CPU
		{FA8780C7-4198-424A-8F05-69BA466D01D1}.Release|x64.Build.0 = Release|Any CPU
		{FA8780C7-4198-424A-8F05-69BA466D01D1}.Release|x86.ActiveCfg = Release|Any CPU
		{FA8780C7-4198-424A-8F05-69BA466D01D1}.Release|x86.Build.0 = Release|Any CPU
		{BD5291FA-4EF6-4B2B-8681-266106424CA4}.Debug|Any CPU.ActiveCfg = Debug|Any CPU
		{BD5291FA-4EF6-4B2B-8681-266106424CA4}.Debug|Any CPU.Build.0 = Debug|Any CPU
		{BD5291FA-4EF6-4B2B-8681-266106424CA4}.Debug|x64.ActiveCfg = Debug|Any CPU
		{BD5291FA-4EF6-4B2B-8681-266106424CA4}.Debug|x64.Build.0 = Debug|Any CPU
		{BD5291FA-4EF6-4B2B-8681-266106424CA4}.Debug|x86.ActiveCfg = Debug|Any CPU
		{BD5291FA-4EF6-4B2B-8681-266106424CA4}.Debug|x86.Build.0 = Debug|Any CPU
		{BD5291FA-4EF6-4B2B-8681-266106424CA4}.Release|Any CPU.ActiveCfg = Release|Any CPU
		{BD5291FA-4EF6-4B2B-8681-266106424CA4}.Release|Any CPU.Build.0 = Release|Any CPU
		{BD5291FA-4EF6-4B2B-8681-266106424CA4}.Release|x64.ActiveCfg = Release|Any CPU
		{BD5291FA-4EF6-4B2B-8681-266106424CA4}.Release|x64.Build.0 = Release|Any CPU
		{BD5291FA-4EF6-4B2B-8681-266106424CA4}.Release|x86.ActiveCfg = Release|Any CPU
		{BD5291FA-4EF6-4B2B-8681-266106424CA4}.Release|x86.Build.0 = Release|Any CPU
	EndGlobalSection
	GlobalSection(NestedProjects) = preSolution
		{4276D927-993B-43CA-B51E-67A44246B1B7} = {63DBFC23-F485-4A81-A58F-49E0468EFB6B}
		{D1ED8666-BEFD-464A-82FF-980B2A0C4531} = {4276D927-993B-43CA-B51E-67A44246B1B7}
		{72DEF9BC-9E6D-4EC6-B174-948EE750E8DD} = {B81381A7-C836-40AD-97D5-D374D443B584}
		{6705CA52-24A6-4812-896A-8DCCD0644F79} = {B81381A7-C836-40AD-97D5-D374D443B584}
		{6B21DEED-7EF6-4437-B1FC-1A11888EE0ED} = {B81381A7-C836-40AD-97D5-D374D443B584}
		{9E66394D-CE95-4514-A1F9-7ED10D59B2A1} = {6B21DEED-7EF6-4437-B1FC-1A11888EE0ED}
		{C3615BD9-E6E0-4C4D-AB2C-1FD71E52E4FC} = {B81381A7-C836-40AD-97D5-D374D443B584}
		{C9D47A30-8D89-42EF-9AF3-BF3764A8D6E2} = {A5A62540-8ACC-4C08-B8CE-D5410B4ADFD1}
		{FA8780C7-4198-424A-8F05-69BA466D01D1} = {A5A62540-8ACC-4C08-B8CE-D5410B4ADFD1}
		{BD5291FA-4EF6-4B2B-8681-266106424CA4} = {A5A62540-8ACC-4C08-B8CE-D5410B4ADFD1}
	EndGlobalSection
EndGlobal
